
Microsoft Visual Studio Solution File, Format Version 12.00
# Visual Studio Version 17
VisualStudioVersion = 17.4.33213.308
MinimumVisualStudioVersion = 10.0.40219.1
Project("{9A19103F-16F7-4668-BE54-9A1E7A4F7556}") = "DesignPattern", "DesignPattern\DesignPattern.csproj", "{325F717E-844D-4CA9-A6A2-72E1383F8365}"
EndProject
Project("{9A19103F-16F7-4668-BE54-9A1E7A4F7556}") = "Iterator", "Iterator\Iterator.csproj", "{6BC66F51-3ED8-4669-B63B-8DC5AFA79E88}"
EndProject
Project("{9A19103F-16F7-4668-BE54-9A1E7A4F7556}") = "Adapter", "Adapter\Adapter.csproj", "{F6BF001E-0A8A-436D-8EB3-1A875FB43903}"
EndProject
Project("{9A19103F-16F7-4668-BE54-9A1E7A4F7556}") = "TemplateMethod", "TemplateMethod\TemplateMethod.csproj", "{CE45AA0A-8C22-46D7-BAF3-4B3E56CC91CB}"
EndProject
Project("{9A19103F-16F7-4668-BE54-9A1E7A4F7556}") = "Factory", "Factory\Factory.csproj", "{B00EF53D-1DC7-4975-8849-1B08E9010BD0}"
EndProject
Project("{9A19103F-16F7-4668-BE54-9A1E7A4F7556}") = "Singleton", "Singleton\Singleton.csproj", "{399FE2C4-E8FD-4973-9BCA-D89464389E8B}"
EndProject
Project("{9A19103F-16F7-4668-BE54-9A1E7A4F7556}") = "Prototype", "Prototype\Prototype.csproj", "{FCC14257-DCD2-40D4-AA6B-5E3EB19DA4BE}"
EndProject
Project("{9A19103F-16F7-4668-BE54-9A1E7A4F7556}") = "Builder", "Builder\Builder.csproj", "{074AD8B4-AF5F-462E-882B-A80049E537A4}"
EndProject
Project("{9A19103F-16F7-4668-BE54-9A1E7A4F7556}") = "AbstarctFactory", "AbstarctFactory\AbstarctFactory.csproj", "{21C4BD0B-6261-425B-9A64-4C87059DD730}"
EndProject
Project("{9A19103F-16F7-4668-BE54-9A1E7A4F7556}") = "Bridge", "Bridge\Bridge.csproj", "{323E9102-A715-46F3-AB89-D660FFBBAA8D}"
EndProject
Project("{9A19103F-16F7-4668-BE54-9A1E7A4F7556}") = "Strategy", "Strategy\Strategy.csproj", "{D255C8B7-7C21-403E-BCF1-7E9F526A4816}"
EndProject
Project("{9A19103F-16F7-4668-BE54-9A1E7A4F7556}") = "Composite", "Composite\Composite.csproj", "{17050324-07CD-48B3-8FE2-7A44131267AC}"
EndProject
Project("{9A19103F-16F7-4668-BE54-9A1E7A4F7556}") = "Decorator", "Decorator\Decorator.csproj", "{33988779-C713-445E-9826-6C45D4A6123B}"
EndProject
Project("{9A19103F-16F7-4668-BE54-9A1E7A4F7556}") = "Visitor", "Visitor\Visitor.csproj", "{6F449C68-4344-4C0C-BFA3-9F1D4D42A201}"
EndProject
Project("{9A19103F-16F7-4668-BE54-9A1E7A4F7556}") = "ChainOfRespons", "ChainOfRespons\ChainOfRespons.csproj", "{5549133E-2B57-4D39-88CC-6CEE9EFDBA45}"
EndProject
Project("{9A19103F-16F7-4668-BE54-9A1E7A4F7556}") = "Facade", "Facade\Facade.csproj", "{44195D71-83B6-4465-B35D-44FC868361E3}"
EndProject
Project("{9A19103F-16F7-4668-BE54-9A1E7A4F7556}") = "Mediator", "Mediator\Mediator.csproj", "{12E5F5F5-D03B-43E7-960F-DFD0D8EC18C3}"
EndProject
Project("{9A19103F-16F7-4668-BE54-9A1E7A4F7556}") = "Observer", "Observer\Observer.csproj", "{403B4E74-4649-4615-A0A6-875C167C1463}"
EndProject
Project("{FAE04EC0-301F-11D3-BF4B-00C04F79EFBC}") = "Memento", "Memento\Memento.csproj", "{9E161697-D26C-4F95-8DC3-1505098AC7E0}"
EndProject
Global
	GlobalSection(SolutionConfigurationPlatforms) = preSolution
		Debug|Any CPU = Debug|Any CPU
		Debug|x64 = Debug|x64
		Debug|x86 = Debug|x86
		Release|Any CPU = Release|Any CPU
		Release|x64 = Release|x64
		Release|x86 = Release|x86
	EndGlobalSection
	GlobalSection(ProjectConfigurationPlatforms) = postSolution
		{325F717E-844D-4CA9-A6A2-72E1383F8365}.Debug|Any CPU.ActiveCfg = Debug|Any CPU
		{325F717E-844D-4CA9-A6A2-72E1383F8365}.Debug|Any CPU.Build.0 = Debug|Any CPU
		{325F717E-844D-4CA9-A6A2-72E1383F8365}.Debug|x64.ActiveCfg = Debug|Any CPU
		{325F717E-844D-4CA9-A6A2-72E1383F8365}.Debug|x64.Build.0 = Debug|Any CPU
		{325F717E-844D-4CA9-A6A2-72E1383F8365}.Debug|x86.ActiveCfg = Debug|Any CPU
		{325F717E-844D-4CA9-A6A2-72E1383F8365}.Debug|x86.Build.0 = Debug|Any CPU
		{325F717E-844D-4CA9-A6A2-72E1383F8365}.Release|Any CPU.ActiveCfg = Release|Any CPU
		{325F717E-844D-4CA9-A6A2-72E1383F8365}.Release|Any CPU.Build.0 = Release|Any CPU
		{325F717E-844D-4CA9-A6A2-72E1383F8365}.Release|x64.ActiveCfg = Release|Any CPU
		{325F717E-844D-4CA9-A6A2-72E1383F8365}.Release|x64.Build.0 = Release|Any CPU
		{325F717E-844D-4CA9-A6A2-72E1383F8365}.Release|x86.ActiveCfg = Release|Any CPU
		{325F717E-844D-4CA9-A6A2-72E1383F8365}.Release|x86.Build.0 = Release|Any CPU
		{6BC66F51-3ED8-4669-B63B-8DC5AFA79E88}.Debug|Any CPU.ActiveCfg = Debug|Any CPU
		{6BC66F51-3ED8-4669-B63B-8DC5AFA79E88}.Debug|Any CPU.Build.0 = Debug|Any CPU
		{6BC66F51-3ED8-4669-B63B-8DC5AFA79E88}.Debug|x64.ActiveCfg = Debug|Any CPU
		{6BC66F51-3ED8-4669-B63B-8DC5AFA79E88}.Debug|x64.Build.0 = Debug|Any CPU
		{6BC66F51-3ED8-4669-B63B-8DC5AFA79E88}.Debug|x86.ActiveCfg = Debug|Any CPU
		{6BC66F51-3ED8-4669-B63B-8DC5AFA79E88}.Debug|x86.Build.0 = Debug|Any CPU
		{6BC66F51-3ED8-4669-B63B-8DC5AFA79E88}.Release|Any CPU.ActiveCfg = Release|Any CPU
		{6BC66F51-3ED8-4669-B63B-8DC5AFA79E88}.Release|Any CPU.Build.0 = Release|Any CPU
		{6BC66F51-3ED8-4669-B63B-8DC5AFA79E88}.Release|x64.ActiveCfg = Release|Any CPU
		{6BC66F51-3ED8-4669-B63B-8DC5AFA79E88}.Release|x64.Build.0 = Release|Any CPU
		{6BC66F51-3ED8-4669-B63B-8DC5AFA79E88}.Release|x86.ActiveCfg = Release|Any CPU
		{6BC66F51-3ED8-4669-B63B-8DC5AFA79E88}.Release|x86.Build.0 = Release|Any CPU
		{F6BF001E-0A8A-436D-8EB3-1A875FB43903}.Debug|Any CPU.ActiveCfg = Debug|Any CPU
		{F6BF001E-0A8A-436D-8EB3-1A875FB43903}.Debug|Any CPU.Build.0 = Debug|Any CPU
		{F6BF001E-0A8A-436D-8EB3-1A875FB43903}.Debug|x64.ActiveCfg = Debug|Any CPU
		{F6BF001E-0A8A-436D-8EB3-1A875FB43903}.Debug|x64.Build.0 = Debug|Any CPU
		{F6BF001E-0A8A-436D-8EB3-1A875FB43903}.Debug|x86.ActiveCfg = Debug|Any CPU
		{F6BF001E-0A8A-436D-8EB3-1A875FB43903}.Debug|x86.Build.0 = Debug|Any CPU
		{F6BF001E-0A8A-436D-8EB3-1A875FB43903}.Release|Any CPU.ActiveCfg = Release|Any CPU
		{F6BF001E-0A8A-436D-8EB3-1A875FB43903}.Release|Any CPU.Build.0 = Release|Any CPU
		{F6BF001E-0A8A-436D-8EB3-1A875FB43903}.Release|x64.ActiveCfg = Release|Any CPU
		{F6BF001E-0A8A-436D-8EB3-1A875FB43903}.Release|x64.Build.0 = Release|Any CPU
		{F6BF001E-0A8A-436D-8EB3-1A875FB43903}.Release|x86.ActiveCfg = Release|Any CPU
		{F6BF001E-0A8A-436D-8EB3-1A875FB43903}.Release|x86.Build.0 = Release|Any CPU
		{CE45AA0A-8C22-46D7-BAF3-4B3E56CC91CB}.Debug|Any CPU.ActiveCfg = Debug|Any CPU
		{CE45AA0A-8C22-46D7-BAF3-4B3E56CC91CB}.Debug|Any CPU.Build.0 = Debug|Any CPU
		{CE45AA0A-8C22-46D7-BAF3-4B3E56CC91CB}.Debug|x64.ActiveCfg = Debug|Any CPU
		{CE45AA0A-8C22-46D7-BAF3-4B3E56CC91CB}.Debug|x64.Build.0 = Debug|Any CPU
		{CE45AA0A-8C22-46D7-BAF3-4B3E56CC91CB}.Debug|x86.ActiveCfg = Debug|Any CPU
		{CE45AA0A-8C22-46D7-BAF3-4B3E56CC91CB}.Debug|x86.Build.0 = Debug|Any CPU
		{CE45AA0A-8C22-46D7-BAF3-4B3E56CC91CB}.Release|Any CPU.ActiveCfg = Release|Any CPU
		{CE45AA0A-8C22-46D7-BAF3-4B3E56CC91CB}.Release|Any CPU.Build.0 = Release|Any CPU
		{CE45AA0A-8C22-46D7-BAF3-4B3E56CC91CB}.Release|x64.ActiveCfg = Release|Any CPU
		{CE45AA0A-8C22-46D7-BAF3-4B3E56CC91CB}.Release|x64.Build.0 = Release|Any CPU
		{CE45AA0A-8C22-46D7-BAF3-4B3E56CC91CB}.Release|x86.ActiveCfg = Release|Any CPU
		{CE45AA0A-8C22-46D7-BAF3-4B3E56CC91CB}.Release|x86.Build.0 = Release|Any CPU
		{B00EF53D-1DC7-4975-8849-1B08E9010BD0}.Debug|Any CPU.ActiveCfg = Debug|Any CPU
		{B00EF53D-1DC7-4975-8849-1B08E9010BD0}.Debug|Any CPU.Build.0 = Debug|Any CPU
		{B00EF53D-1DC7-4975-8849-1B08E9010BD0}.Debug|x64.ActiveCfg = Debug|Any CPU
		{B00EF53D-1DC7-4975-8849-1B08E9010BD0}.Debug|x64.Build.0 = Debug|Any CPU
		{B00EF53D-1DC7-4975-8849-1B08E9010BD0}.Debug|x86.ActiveCfg = Debug|Any CPU
		{B00EF53D-1DC7-4975-8849-1B08E9010BD0}.Debug|x86.Build.0 = Debug|Any CPU
		{B00EF53D-1DC7-4975-8849-1B08E9010BD0}.Release|Any CPU.ActiveCfg = Release|Any CPU
		{B00EF53D-1DC7-4975-8849-1B08E9010BD0}.Release|Any CPU.Build.0 = Release|Any CPU
		{B00EF53D-1DC7-4975-8849-1B08E9010BD0}.Release|x64.ActiveCfg = Release|Any CPU
		{B00EF53D-1DC7-4975-8849-1B08E9010BD0}.Release|x64.Build.0 = Release|Any CPU
		{B00EF53D-1DC7-4975-8849-1B08E9010BD0}.Release|x86.ActiveCfg = Release|Any CPU
		{B00EF53D-1DC7-4975-8849-1B08E9010BD0}.Release|x86.Build.0 = Release|Any CPU
		{399FE2C4-E8FD-4973-9BCA-D89464389E8B}.Debug|Any CPU.ActiveCfg = Debug|Any CPU
		{399FE2C4-E8FD-4973-9BCA-D89464389E8B}.Debug|Any CPU.Build.0 = Debug|Any CPU
		{399FE2C4-E8FD-4973-9BCA-D89464389E8B}.Debug|x64.ActiveCfg = Debug|Any CPU
		{399FE2C4-E8FD-4973-9BCA-D89464389E8B}.Debug|x64.Build.0 = Debug|Any CPU
		{399FE2C4-E8FD-4973-9BCA-D89464389E8B}.Debug|x86.ActiveCfg = Debug|Any CPU
		{399FE2C4-E8FD-4973-9BCA-D89464389E8B}.Debug|x86.Build.0 = Debug|Any CPU
		{399FE2C4-E8FD-4973-9BCA-D89464389E8B}.Release|Any CPU.ActiveCfg = Release|Any CPU
		{399FE2C4-E8FD-4973-9BCA-D89464389E8B}.Release|Any CPU.Build.0 = Release|Any CPU
		{399FE2C4-E8FD-4973-9BCA-D89464389E8B}.Release|x64.ActiveCfg = Release|Any CPU
		{399FE2C4-E8FD-4973-9BCA-D89464389E8B}.Release|x64.Build.0 = Release|Any CPU
		{399FE2C4-E8FD-4973-9BCA-D89464389E8B}.Release|x86.ActiveCfg = Release|Any CPU
		{399FE2C4-E8FD-4973-9BCA-D89464389E8B}.Release|x86.Build.0 = Release|Any CPU
		{FCC14257-DCD2-40D4-AA6B-5E3EB19DA4BE}.Debug|Any CPU.ActiveCfg = Debug|Any CPU
		{FCC14257-DCD2-40D4-AA6B-5E3EB19DA4BE}.Debug|Any CPU.Build.0 = Debug|Any CPU
		{FCC14257-DCD2-40D4-AA6B-5E3EB19DA4BE}.Debug|x64.ActiveCfg = Debug|Any CPU
		{FCC14257-DCD2-40D4-AA6B-5E3EB19DA4BE}.Debug|x64.Build.0 = Debug|Any CPU
		{FCC14257-DCD2-40D4-AA6B-5E3EB19DA4BE}.Debug|x86.ActiveCfg = Debug|Any CPU
		{FCC14257-DCD2-40D4-AA6B-5E3EB19DA4BE}.Debug|x86.Build.0 = Debug|Any CPU
		{FCC14257-DCD2-40D4-AA6B-5E3EB19DA4BE}.Release|Any CPU.ActiveCfg = Release|Any CPU
		{FCC14257-DCD2-40D4-AA6B-5E3EB19DA4BE}.Release|Any CPU.Build.0 = Release|Any CPU
		{FCC14257-DCD2-40D4-AA6B-5E3EB19DA4BE}.Release|x64.ActiveCfg = Release|Any CPU
		{FCC14257-DCD2-40D4-AA6B-5E3EB19DA4BE}.Release|x64.Build.0 = Release|Any CPU
		{FCC14257-DCD2-40D4-AA6B-5E3EB19DA4BE}.Release|x86.ActiveCfg = Release|Any CPU
		{FCC14257-DCD2-40D4-AA6B-5E3EB19DA4BE}.Release|x86.Build.0 = Release|Any CPU
		{074AD8B4-AF5F-462E-882B-A80049E537A4}.Debug|Any CPU.ActiveCfg = Debug|Any CPU
		{074AD8B4-AF5F-462E-882B-A80049E537A4}.Debug|Any CPU.Build.0 = Debug|Any CPU
		{074AD8B4-AF5F-462E-882B-A80049E537A4}.Debug|x64.ActiveCfg = Debug|Any CPU
		{074AD8B4-AF5F-462E-882B-A80049E537A4}.Debug|x64.Build.0 = Debug|Any CPU
		{074AD8B4-AF5F-462E-882B-A80049E537A4}.Debug|x86.ActiveCfg = Debug|Any CPU
		{074AD8B4-AF5F-462E-882B-A80049E537A4}.Debug|x86.Build.0 = Debug|Any CPU
		{074AD8B4-AF5F-462E-882B-A80049E537A4}.Release|Any CPU.ActiveCfg = Release|Any CPU
		{074AD8B4-AF5F-462E-882B-A80049E537A4}.Release|Any CPU.Build.0 = Release|Any CPU
		{074AD8B4-AF5F-462E-882B-A80049E537A4}.Release|x64.ActiveCfg = Release|Any CPU
		{074AD8B4-AF5F-462E-882B-A80049E537A4}.Release|x64.Build.0 = Release|Any CPU
		{074AD8B4-AF5F-462E-882B-A80049E537A4}.Release|x86.ActiveCfg = Release|Any CPU
		{074AD8B4-AF5F-462E-882B-A80049E537A4}.Release|x86.Build.0 = Release|Any CPU
		{21C4BD0B-6261-425B-9A64-4C87059DD730}.Debug|Any CPU.ActiveCfg = Debug|Any CPU
		{21C4BD0B-6261-425B-9A64-4C87059DD730}.Debug|Any CPU.Build.0 = Debug|Any CPU
		{21C4BD0B-6261-425B-9A64-4C87059DD730}.Debug|x64.ActiveCfg = Debug|Any CPU
		{21C4BD0B-6261-425B-9A64-4C87059DD730}.Debug|x64.Build.0 = Debug|Any CPU
		{21C4BD0B-6261-425B-9A64-4C87059DD730}.Debug|x86.ActiveCfg = Debug|Any CPU
		{21C4BD0B-6261-425B-9A64-4C87059DD730}.Debug|x86.Build.0 = Debug|Any CPU
		{21C4BD0B-6261-425B-9A64-4C87059DD730}.Release|Any CPU.ActiveCfg = Release|Any CPU
		{21C4BD0B-6261-425B-9A64-4C87059DD730}.Release|Any CPU.Build.0 = Release|Any CPU
		{21C4BD0B-6261-425B-9A64-4C87059DD730}.Release|x64.ActiveCfg = Release|Any CPU
		{21C4BD0B-6261-425B-9A64-4C87059DD730}.Release|x64.Build.0 = Release|Any CPU
		{21C4BD0B-6261-425B-9A64-4C87059DD730}.Release|x86.ActiveCfg = Release|Any CPU
		{21C4BD0B-6261-425B-9A64-4C87059DD730}.Release|x86.Build.0 = Release|Any CPU
		{323E9102-A715-46F3-AB89-D660FFBBAA8D}.Debug|Any CPU.ActiveCfg = Debug|Any CPU
		{323E9102-A715-46F3-AB89-D660FFBBAA8D}.Debug|Any CPU.Build.0 = Debug|Any CPU
		{323E9102-A715-46F3-AB89-D660FFBBAA8D}.Debug|x64.ActiveCfg = Debug|Any CPU
		{323E9102-A715-46F3-AB89-D660FFBBAA8D}.Debug|x64.Build.0 = Debug|Any CPU
		{323E9102-A715-46F3-AB89-D660FFBBAA8D}.Debug|x86.ActiveCfg = Debug|Any CPU
		{323E9102-A715-46F3-AB89-D660FFBBAA8D}.Debug|x86.Build.0 = Debug|Any CPU
		{323E9102-A715-46F3-AB89-D660FFBBAA8D}.Release|Any CPU.ActiveCfg = Release|Any CPU
		{323E9102-A715-46F3-AB89-D660FFBBAA8D}.Release|Any CPU.Build.0 = Release|Any CPU
		{323E9102-A715-46F3-AB89-D660FFBBAA8D}.Release|x64.ActiveCfg = Release|Any CPU
		{323E9102-A715-46F3-AB89-D660FFBBAA8D}.Release|x64.Build.0 = Release|Any CPU
		{323E9102-A715-46F3-AB89-D660FFBBAA8D}.Release|x86.ActiveCfg = Release|Any CPU
		{323E9102-A715-46F3-AB89-D660FFBBAA8D}.Release|x86.Build.0 = Release|Any CPU
		{D255C8B7-7C21-403E-BCF1-7E9F526A4816}.Debug|Any CPU.ActiveCfg = Debug|Any CPU
		{D255C8B7-7C21-403E-BCF1-7E9F526A4816}.Debug|Any CPU.Build.0 = Debug|Any CPU
		{D255C8B7-7C21-403E-BCF1-7E9F526A4816}.Debug|x64.ActiveCfg = Debug|Any CPU
		{D255C8B7-7C21-403E-BCF1-7E9F526A4816}.Debug|x64.Build.0 = Debug|Any CPU
		{D255C8B7-7C21-403E-BCF1-7E9F526A4816}.Debug|x86.ActiveCfg = Debug|Any CPU
		{D255C8B7-7C21-403E-BCF1-7E9F526A4816}.Debug|x86.Build.0 = Debug|Any CPU
		{D255C8B7-7C21-403E-BCF1-7E9F526A4816}.Release|Any CPU.ActiveCfg = Release|Any CPU
		{D255C8B7-7C21-403E-BCF1-7E9F526A4816}.Release|Any CPU.Build.0 = Release|Any CPU
		{D255C8B7-7C21-403E-BCF1-7E9F526A4816}.Release|x64.ActiveCfg = Release|Any CPU
		{D255C8B7-7C21-403E-BCF1-7E9F526A4816}.Release|x64.Build.0 = Release|Any CPU
		{D255C8B7-7C21-403E-BCF1-7E9F526A4816}.Release|x86.ActiveCfg = Release|Any CPU
		{D255C8B7-7C21-403E-BCF1-7E9F526A4816}.Release|x86.Build.0 = Release|Any CPU
		{17050324-07CD-48B3-8FE2-7A44131267AC}.Debug|Any CPU.ActiveCfg = Debug|Any CPU
		{17050324-07CD-48B3-8FE2-7A44131267AC}.Debug|Any CPU.Build.0 = Debug|Any CPU
		{17050324-07CD-48B3-8FE2-7A44131267AC}.Debug|x64.ActiveCfg = Debug|Any CPU
		{17050324-07CD-48B3-8FE2-7A44131267AC}.Debug|x64.Build.0 = Debug|Any CPU
		{17050324-07CD-48B3-8FE2-7A44131267AC}.Debug|x86.ActiveCfg = Debug|Any CPU
		{17050324-07CD-48B3-8FE2-7A44131267AC}.Debug|x86.Build.0 = Debug|Any CPU
		{17050324-07CD-48B3-8FE2-7A44131267AC}.Release|Any CPU.ActiveCfg = Release|Any CPU
		{17050324-07CD-48B3-8FE2-7A44131267AC}.Release|Any CPU.Build.0 = Release|Any CPU
		{17050324-07CD-48B3-8FE2-7A44131267AC}.Release|x64.ActiveCfg = Release|Any CPU
		{17050324-07CD-48B3-8FE2-7A44131267AC}.Release|x64.Build.0 = Release|Any CPU
		{17050324-07CD-48B3-8FE2-7A44131267AC}.Release|x86.ActiveCfg = Release|Any CPU
		{17050324-07CD-48B3-8FE2-7A44131267AC}.Release|x86.Build.0 = Release|Any CPU
		{33988779-C713-445E-9826-6C45D4A6123B}.Debug|Any CPU.ActiveCfg = Debug|Any CPU
		{33988779-C713-445E-9826-6C45D4A6123B}.Debug|Any CPU.Build.0 = Debug|Any CPU
		{33988779-C713-445E-9826-6C45D4A6123B}.Debug|x64.ActiveCfg = Debug|Any CPU
		{33988779-C713-445E-9826-6C45D4A6123B}.Debug|x64.Build.0 = Debug|Any CPU
		{33988779-C713-445E-9826-6C45D4A6123B}.Debug|x86.ActiveCfg = Debug|Any CPU
		{33988779-C713-445E-9826-6C45D4A6123B}.Debug|x86.Build.0 = Debug|Any CPU
		{33988779-C713-445E-9826-6C45D4A6123B}.Release|Any CPU.ActiveCfg = Release|Any CPU
		{33988779-C713-445E-9826-6C45D4A6123B}.Release|Any CPU.Build.0 = Release|Any CPU
		{33988779-C713-445E-9826-6C45D4A6123B}.Release|x64.ActiveCfg = Release|Any CPU
		{33988779-C713-445E-9826-6C45D4A6123B}.Release|x64.Build.0 = Release|Any CPU
		{33988779-C713-445E-9826-6C45D4A6123B}.Release|x86.ActiveCfg = Release|Any CPU
		{33988779-C713-445E-9826-6C45D4A6123B}.Release|x86.Build.0 = Release|Any CPU
		{6F449C68-4344-4C0C-BFA3-9F1D4D42A201}.Debug|Any CPU.ActiveCfg = Debug|Any CPU
		{6F449C68-4344-4C0C-BFA3-9F1D4D42A201}.Debug|Any CPU.Build.0 = Debug|Any CPU
		{6F449C68-4344-4C0C-BFA3-9F1D4D42A201}.Debug|x64.ActiveCfg = Debug|Any CPU
		{6F449C68-4344-4C0C-BFA3-9F1D4D42A201}.Debug|x64.Build.0 = Debug|Any CPU
		{6F449C68-4344-4C0C-BFA3-9F1D4D42A201}.Debug|x86.ActiveCfg = Debug|Any CPU
		{6F449C68-4344-4C0C-BFA3-9F1D4D42A201}.Debug|x86.Build.0 = Debug|Any CPU
		{6F449C68-4344-4C0C-BFA3-9F1D4D42A201}.Release|Any CPU.ActiveCfg = Release|Any CPU
		{6F449C68-4344-4C0C-BFA3-9F1D4D42A201}.Release|Any CPU.Build.0 = Release|Any CPU
		{6F449C68-4344-4C0C-BFA3-9F1D4D42A201}.Release|x64.ActiveCfg = Release|Any CPU
		{6F449C68-4344-4C0C-BFA3-9F1D4D42A201}.Release|x64.Build.0 = Release|Any CPU
		{6F449C68-4344-4C0C-BFA3-9F1D4D42A201}.Release|x86.ActiveCfg = Release|Any CPU
		{6F449C68-4344-4C0C-BFA3-9F1D4D42A201}.Release|x86.Build.0 = Release|Any CPU
		{5549133E-2B57-4D39-88CC-6CEE9EFDBA45}.Debug|Any CPU.ActiveCfg = Debug|Any CPU
		{5549133E-2B57-4D39-88CC-6CEE9EFDBA45}.Debug|Any CPU.Build.0 = Debug|Any CPU
		{5549133E-2B57-4D39-88CC-6CEE9EFDBA45}.Debug|x64.ActiveCfg = Debug|Any CPU
		{5549133E-2B57-4D39-88CC-6CEE9EFDBA45}.Debug|x64.Build.0 = Debug|Any CPU
		{5549133E-2B57-4D39-88CC-6CEE9EFDBA45}.Debug|x86.ActiveCfg = Debug|Any CPU
		{5549133E-2B57-4D39-88CC-6CEE9EFDBA45}.Debug|x86.Build.0 = Debug|Any CPU
		{5549133E-2B57-4D39-88CC-6CEE9EFDBA45}.Release|Any CPU.ActiveCfg = Release|Any CPU
		{5549133E-2B57-4D39-88CC-6CEE9EFDBA45}.Release|Any CPU.Build.0 = Release|Any CPU
		{5549133E-2B57-4D39-88CC-6CEE9EFDBA45}.Release|x64.ActiveCfg = Release|Any CPU
		{5549133E-2B57-4D39-88CC-6CEE9EFDBA45}.Release|x64.Build.0 = Release|Any CPU
		{5549133E-2B57-4D39-88CC-6CEE9EFDBA45}.Release|x86.ActiveCfg = Release|Any CPU
		{5549133E-2B57-4D39-88CC-6CEE9EFDBA45}.Release|x86.Build.0 = Release|Any CPU
		{44195D71-83B6-4465-B35D-44FC868361E3}.Debug|Any CPU.ActiveCfg = Debug|Any CPU
		{44195D71-83B6-4465-B35D-44FC868361E3}.Debug|Any CPU.Build.0 = Debug|Any CPU
		{44195D71-83B6-4465-B35D-44FC868361E3}.Debug|x64.ActiveCfg = Debug|Any CPU
		{44195D71-83B6-4465-B35D-44FC868361E3}.Debug|x64.Build.0 = Debug|Any CPU
		{44195D71-83B6-4465-B35D-44FC868361E3}.Debug|x86.ActiveCfg = Debug|Any CPU
		{44195D71-83B6-4465-B35D-44FC868361E3}.Debug|x86.Build.0 = Debug|Any CPU
		{44195D71-83B6-4465-B35D-44FC868361E3}.Release|Any CPU.ActiveCfg = Release|Any CPU
		{44195D71-83B6-4465-B35D-44FC868361E3}.Release|Any CPU.Build.0 = Release|Any CPU
		{44195D71-83B6-4465-B35D-44FC868361E3}.Release|x64.ActiveCfg = Release|Any CPU
		{44195D71-83B6-4465-B35D-44FC868361E3}.Release|x64.Build.0 = Release|Any CPU
		{44195D71-83B6-4465-B35D-44FC868361E3}.Release|x86.ActiveCfg = Release|Any CPU
		{44195D71-83B6-4465-B35D-44FC868361E3}.Release|x86.Build.0 = Release|Any CPU
		{12E5F5F5-D03B-43E7-960F-DFD0D8EC18C3}.Debug|Any CPU.ActiveCfg = Debug|Any CPU
		{12E5F5F5-D03B-43E7-960F-DFD0D8EC18C3}.Debug|Any CPU.Build.0 = Debug|Any CPU
		{12E5F5F5-D03B-43E7-960F-DFD0D8EC18C3}.Debug|x64.ActiveCfg = Debug|Any CPU
		{12E5F5F5-D03B-43E7-960F-DFD0D8EC18C3}.Debug|x64.Build.0 = Debug|Any CPU
		{12E5F5F5-D03B-43E7-960F-DFD0D8EC18C3}.Debug|x86.ActiveCfg = Debug|Any CPU
		{12E5F5F5-D03B-43E7-960F-DFD0D8EC18C3}.Debug|x86.Build.0 = Debug|Any CPU
		{12E5F5F5-D03B-43E7-960F-DFD0D8EC18C3}.Release|Any CPU.ActiveCfg = Release|Any CPU
		{12E5F5F5-D03B-43E7-960F-DFD0D8EC18C3}.Release|Any CPU.Build.0 = Release|Any CPU
		{12E5F5F5-D03B-43E7-960F-DFD0D8EC18C3}.Release|x64.ActiveCfg = Release|Any CPU
		{12E5F5F5-D03B-43E7-960F-DFD0D8EC18C3}.Release|x64.Build.0 = Release|Any CPU
		{12E5F5F5-D03B-43E7-960F-DFD0D8EC18C3}.Release|x86.ActiveCfg = Release|Any CPU
		{12E5F5F5-D03B-43E7-960F-DFD0D8EC18C3}.Release|x86.Build.0 = Release|Any CPU
		{403B4E74-4649-4615-A0A6-875C167C1463}.Debug|Any CPU.ActiveCfg = Debug|Any CPU
		{403B4E74-4649-4615-A0A6-875C167C1463}.Debug|Any CPU.Build.0 = Debug|Any CPU
		{403B4E74-4649-4615-A0A6-875C167C1463}.Debug|x64.ActiveCfg = Debug|Any CPU
		{403B4E74-4649-4615-A0A6-875C167C1463}.Debug|x64.Build.0 = Debug|Any CPU
		{403B4E74-4649-4615-A0A6-875C167C1463}.Debug|x86.ActiveCfg = Debug|Any CPU
		{403B4E74-4649-4615-A0A6-875C167C1463}.Debug|x86.Build.0 = Debug|Any CPU
		{403B4E74-4649-4615-A0A6-875C167C1463}.Release|Any CPU.ActiveCfg = Release|Any CPU
		{403B4E74-4649-4615-A0A6-875C167C1463}.Release|Any CPU.Build.0 = Release|Any CPU
		{403B4E74-4649-4615-A0A6-875C167C1463}.Release|x64.ActiveCfg = Release|Any CPU
		{403B4E74-4649-4615-A0A6-875C167C1463}.Release|x64.Build.0 = Release|Any CPU
		{403B4E74-4649-4615-A0A6-875C167C1463}.Release|x86.ActiveCfg = Release|Any CPU
		{403B4E74-4649-4615-A0A6-875C167C1463}.Release|x86.Build.0 = Release|Any CPU
		{9E161697-D26C-4F95-8DC3-1505098AC7E0}.Debug|Any CPU.ActiveCfg = Debug|Any CPU
		{9E161697-D26C-4F95-8DC3-1505098AC7E0}.Debug|Any CPU.Build.0 = Debug|Any CPU
		{9E161697-D26C-4F95-8DC3-1505098AC7E0}.Debug|x64.ActiveCfg = Debug|Any CPU
		{9E161697-D26C-4F95-8DC3-1505098AC7E0}.Debug|x64.Build.0 = Debug|Any CPU
		{9E161697-D26C-4F95-8DC3-1505098AC7E0}.Debug|x86.ActiveCfg = Debug|Any CPU
		{9E161697-D26C-4F95-8DC3-1505098AC7E0}.Debug|x86.Build.0 = Debug|Any CPU
		{9E161697-D26C-4F95-8DC3-1505098AC7E0}.Release|Any CPU.ActiveCfg = Release|Any CPU
		{9E161697-D26C-4F95-8DC3-1505098AC7E0}.Release|Any CPU.Build.0 = Release|Any CPU
		{9E161697-D26C-4F95-8DC3-1505098AC7E0}.Release|x64.ActiveCfg = Release|Any CPU
		{9E161697-D26C-4F95-8DC3-1505098AC7E0}.Release|x64.Build.0 = Release|Any CPU
		{9E161697-D26C-4F95-8DC3-1505098AC7E0}.Release|x86.ActiveCfg = Release|Any CPU
		{9E161697-D26C-4F95-8DC3-1505098AC7E0}.Release|x86.Build.0 = Release|Any CPU
	EndGlobalSection
	GlobalSection(SolutionProperties) = preSolution
		HideSolutionNode = FALSE
	EndGlobalSection
	GlobalSection(ExtensibilityGlobals) = postSolution
		SolutionGuid = {6B9BD5D0-F158-4663-98F1-34DCE056AA26}
	EndGlobalSection
EndGlobal
